
Microsoft Visual Studio Solution File, Format Version 12.00
# Visual Studio 15
VisualStudioVersion = 15.0.28307.421
MinimumVisualStudioVersion = 10.0.40219.1
Project("{FAE04EC0-301F-11D3-BF4B-00C04F79EFBC}") = "CPLD Programmer", "CPLD Programmer\CPLD Programmer.csproj", "{41610045-506C-4F53-8F98-B4709369D6FE}"
EndProject
Global
	GlobalSection(SolutionConfigurationPlatforms) = preSolution
		Debug|Any CPU = Debug|Any CPU
		Release|Any CPU = Release|Any CPU
	EndGlobalSection
	GlobalSection(ProjectConfigurationPlatforms) = postSolution
		{41610045-506C-4F53-8F98-B4709369D6FE}.Debug|Any CPU.ActiveCfg = Debug|Any CPU
		{41610045-506C-4F53-8F98-B4709369D6FE}.Debug|Any CPU.Build.0 = Debug|Any CPU
		{41610045-506C-4F53-8F98-B4709369D6FE}.Release|Any CPU.ActiveCfg = Release|Any CPU
		{41610045-506C-4F53-8F98-B4709369D6FE}.Release|Any CPU.Build.0 = Release|Any CPU
	EndGlobalSection
	GlobalSection(SolutionProperties) = preSolution
		HideSolutionNode = FALSE
	EndGlobalSection
	GlobalSection(ExtensibilityGlobals) = postSolution
		SolutionGuid = {BB50196D-A3FD-41D5-BA6B-8D7888CE006E}
	EndGlobalSection
EndGlobal
